
Microsoft Visual Studio Solution File, Format Version 12.00
# Visual Studio Version 17
VisualStudioVersion = 17.2.32516.85
MinimumVisualStudioVersion = 10.0.40219.1
Project("{FAE04EC0-301F-11D3-BF4B-00C04F79EFBC}") = "MenuGeneral", "MenuGeneral\MenuGeneral.csproj", "{2097D7A7-9B56-411D-B307-E8D11EE20DCE}"
EndProject
Global
	GlobalSection(SolutionConfigurationPlatforms) = preSolution
		Debug|Any CPU = Debug|Any CPU
		Release|Any CPU = Release|Any CPU
	EndGlobalSection
	GlobalSection(ProjectConfigurationPlatforms) = postSolution
		{2097D7A7-9B56-411D-B307-E8D11EE20DCE}.Debug|Any CPU.ActiveCfg = Debug|Any CPU
		{2097D7A7-9B56-411D-B307-E8D11EE20DCE}.Debug|Any CPU.Build.0 = Debug|Any CPU
		{2097D7A7-9B56-411D-B307-E8D11EE20DCE}.Release|Any CPU.ActiveCfg = Release|Any CPU
		{2097D7A7-9B56-411D-B307-E8D11EE20DCE}.Release|Any CPU.Build.0 = Release|Any CPU
	EndGlobalSection
	GlobalSection(SolutionProperties) = preSolution
		HideSolutionNode = FALSE
	EndGlobalSection
	GlobalSection(ExtensibilityGlobals) = postSolution
		SolutionGuid = {DFE2A129-EF4E-48FF-BFAF-185BDCB6B61A}
	EndGlobalSection
EndGlobal
