
Microsoft Visual Studio Solution File, Format Version 12.00
# Visual Studio Version 17
VisualStudioVersion = 17.11.35312.102
MinimumVisualStudioVersion = 10.0.40219.1
Project("{FAE04EC0-301F-11D3-BF4B-00C04F79EFBC}") = "ADO", "ADO\ADO.csproj", "{2B679EF7-B23A-4F7D-AE85-7420371848C8}"
EndProject
Global
	GlobalSection(SolutionConfigurationPlatforms) = preSolution
		Debug|Any CPU = Debug|Any CPU
		Release|Any CPU = Release|Any CPU
	EndGlobalSection
	GlobalSection(ProjectConfigurationPlatforms) = postSolution
		{2B679EF7-B23A-4F7D-AE85-7420371848C8}.Debug|Any CPU.ActiveCfg = Debug|Any CPU
		{2B679EF7-B23A-4F7D-AE85-7420371848C8}.Debug|Any CPU.Build.0 = Debug|Any CPU
		{2B679EF7-B23A-4F7D-AE85-7420371848C8}.Release|Any CPU.ActiveCfg = Release|Any CPU
		{2B679EF7-B23A-4F7D-AE85-7420371848C8}.Release|Any CPU.Build.0 = Release|Any CPU
	EndGlobalSection
	GlobalSection(SolutionProperties) = preSolution
		HideSolutionNode = FALSE
	EndGlobalSection
	GlobalSection(ExtensibilityGlobals) = postSolution
		SolutionGuid = {09228DA7-4A76-4CF1-ACB8-C6771800AEF1}
	EndGlobalSection
EndGlobal
