
Microsoft Visual Studio Solution File, Format Version 12.00
# Visual Studio Version 17
VisualStudioVersion = 17.11.35312.102
MinimumVisualStudioVersion = 10.0.40219.1
Project("{FAE04EC0-301F-11D3-BF4B-00C04F79EFBC}") = "HolaMundoWebForms", "HolaMundoWebForms\HolaMundoWebForms.csproj", "{F35CD3D5-D5E6-4D59-B5CB-54C8BDB7926D}"
EndProject
Global
	GlobalSection(SolutionConfigurationPlatforms) = preSolution
		Debug|Any CPU = Debug|Any CPU
		Release|Any CPU = Release|Any CPU
	EndGlobalSection
	GlobalSection(ProjectConfigurationPlatforms) = postSolution
		{F35CD3D5-D5E6-4D59-B5CB-54C8BDB7926D}.Debug|Any CPU.ActiveCfg = Debug|Any CPU
		{F35CD3D5-D5E6-4D59-B5CB-54C8BDB7926D}.Debug|Any CPU.Build.0 = Debug|Any CPU
		{F35CD3D5-D5E6-4D59-B5CB-54C8BDB7926D}.Release|Any CPU.ActiveCfg = Release|Any CPU
		{F35CD3D5-D5E6-4D59-B5CB-54C8BDB7926D}.Release|Any CPU.Build.0 = Release|Any CPU
	EndGlobalSection
	GlobalSection(SolutionProperties) = preSolution
		HideSolutionNode = FALSE
	EndGlobalSection
	GlobalSection(ExtensibilityGlobals) = postSolution
		SolutionGuid = {88AAB0B3-DD74-48BA-9BCE-AC2AD2FB3DB0}
	EndGlobalSection
EndGlobal
